
Microsoft Visual Studio Solution File, Format Version 12.00
# Visual Studio Version 17
VisualStudioVersion = 17.9.34723.18
MinimumVisualStudioVersion = 10.0.40219.1
Project("{FAE04EC0-301F-11D3-BF4B-00C04F79EFBC}") = "RectruitmentTask.API", "RectruitmentTask.API\RectruitmentTask.API.csproj", "{CFF305A3-5E8C-4690-B2B4-42921D783BF9}"
EndProject
Global
	GlobalSection(SolutionConfigurationPlatforms) = preSolution
		Debug|Any CPU = Debug|Any CPU
		Release|Any CPU = Release|Any CPU
	EndGlobalSection
	GlobalSection(ProjectConfigurationPlatforms) = postSolution
		{CFF305A3-5E8C-4690-B2B4-42921D783BF9}.Debug|Any CPU.ActiveCfg = Debug|Any CPU
		{CFF305A3-5E8C-4690-B2B4-42921D783BF9}.Debug|Any CPU.Build.0 = Debug|Any CPU
		{CFF305A3-5E8C-4690-B2B4-42921D783BF9}.Release|Any CPU.ActiveCfg = Release|Any CPU
		{CFF305A3-5E8C-4690-B2B4-42921D783BF9}.Release|Any CPU.Build.0 = Release|Any CPU
	EndGlobalSection
	GlobalSection(SolutionProperties) = preSolution
		HideSolutionNode = FALSE
	EndGlobalSection
	GlobalSection(ExtensibilityGlobals) = postSolution
		SolutionGuid = {CC6388F6-1F63-40F5-A40F-D44E3C90C7D8}
	EndGlobalSection
EndGlobal
